
Microsoft Visual Studio Solution File, Format Version 12.00
# Visual Studio 15
VisualStudioVersion = 15.0.26730.12
MinimumVisualStudioVersion = 10.0.40219.1
Project("{FAE04EC0-301F-11D3-BF4B-00C04F79EFBC}") = "KLModulzaro", "KLModulzaro\KLModulzaro.csproj", "{319D5A27-1954-41AC-B0CD-162501381741}"
EndProject
Project("{FAE04EC0-301F-11D3-BF4B-00C04F79EFBC}") = "TestProject", "TestProject\TestProject.csproj", "{EB169D7D-F4B0-42D6-9CB0-4B8CAF0EC37A}"
EndProject
Global
	GlobalSection(SolutionConfigurationPlatforms) = preSolution
		Debug|Any CPU = Debug|Any CPU
		Release|Any CPU = Release|Any CPU
	EndGlobalSection
	GlobalSection(ProjectConfigurationPlatforms) = postSolution
		{319D5A27-1954-41AC-B0CD-162501381741}.Debug|Any CPU.ActiveCfg = Debug|Any CPU
		{319D5A27-1954-41AC-B0CD-162501381741}.Debug|Any CPU.Build.0 = Debug|Any CPU
		{319D5A27-1954-41AC-B0CD-162501381741}.Release|Any CPU.ActiveCfg = Release|Any CPU
		{319D5A27-1954-41AC-B0CD-162501381741}.Release|Any CPU.Build.0 = Release|Any CPU
		{EB169D7D-F4B0-42D6-9CB0-4B8CAF0EC37A}.Debug|Any CPU.ActiveCfg = Debug|Any CPU
		{EB169D7D-F4B0-42D6-9CB0-4B8CAF0EC37A}.Debug|Any CPU.Build.0 = Debug|Any CPU
		{EB169D7D-F4B0-42D6-9CB0-4B8CAF0EC37A}.Release|Any CPU.ActiveCfg = Release|Any CPU
		{EB169D7D-F4B0-42D6-9CB0-4B8CAF0EC37A}.Release|Any CPU.Build.0 = Release|Any CPU
	EndGlobalSection
	GlobalSection(SolutionProperties) = preSolution
		HideSolutionNode = FALSE
	EndGlobalSection
	GlobalSection(ExtensibilityGlobals) = postSolution
		SolutionGuid = {BFC47199-0F99-47CE-8F3F-B14641A87DBE}
	EndGlobalSection
EndGlobal
